
Microsoft Visual Studio Solution File, Format Version 12.00
# Visual Studio Version 16
VisualStudioVersion = 16.0.37301.9
MinimumVisualStudioVersion = 10.0.40219.1
Project("{FAE04EC0-301F-11D3-BF4B-00C04F79EFBC}") = "QMS", "QMS\QMS.csproj", "{C231505E-096D-49DC-A718-0629522EF543}"
EndProject
Global
	GlobalSection(SolutionConfigurationPlatforms) = preSolution
		Debug|Any CPU = Debug|Any CPU
		Release|Any CPU = Release|Any CPU
	EndGlobalSection
	GlobalSection(ProjectConfigurationPlatforms) = postSolution
		{C231505E-096D-49DC-A718-0629522EF543}.Debug|Any CPU.ActiveCfg = Debug|Any CPU
		{C231505E-096D-49DC-A718-0629522EF543}.Debug|Any CPU.Build.0 = Debug|Any CPU
		{C231505E-096D-49DC-A718-0629522EF543}.Release|Any CPU.ActiveCfg = Release|Any CPU
		{C231505E-096D-49DC-A718-0629522EF543}.Release|Any CPU.Build.0 = Release|Any CPU
	EndGlobalSection
	GlobalSection(SolutionProperties) = preSolution
		HideSolutionNode = FALSE
	EndGlobalSection
	GlobalSection(ExtensibilityGlobals) = postSolution
		SolutionGuid = {76C85444-7F80-4937-B5DE-7A88D8F0E810}
	EndGlobalSection
EndGlobal
